
Microsoft Visual Studio Solution File, Format Version 12.00
# Visual Studio Version 16
VisualStudioVersion = 25.0.1703.0
MinimumVisualStudioVersion = 10.0.40219.1
Project("{FAE04EC0-301F-11D3-BF4B-00C04F79EFBC}") = "JwtLearning", "JwtLearning.csproj", "{A582CD8D-EDC9-45D3-B52B-A53F0E891D16}"
EndProject
Global
	GlobalSection(SolutionConfigurationPlatforms) = preSolution
		Debug|Any CPU = Debug|Any CPU
		Release|Any CPU = Release|Any CPU
	EndGlobalSection
	GlobalSection(ProjectConfigurationPlatforms) = postSolution
		{A582CD8D-EDC9-45D3-B52B-A53F0E891D16}.Debug|Any CPU.ActiveCfg = Debug|Any CPU
		{A582CD8D-EDC9-45D3-B52B-A53F0E891D16}.Debug|Any CPU.Build.0 = Debug|Any CPU
		{A582CD8D-EDC9-45D3-B52B-A53F0E891D16}.Release|Any CPU.ActiveCfg = Release|Any CPU
		{A582CD8D-EDC9-45D3-B52B-A53F0E891D16}.Release|Any CPU.Build.0 = Release|Any CPU
	EndGlobalSection
	GlobalSection(SolutionProperties) = preSolution
		HideSolutionNode = FALSE
	EndGlobalSection
	GlobalSection(ExtensibilityGlobals) = postSolution
		SolutionGuid = {2DAE8755-3833-4704-ADB8-7B45ADCE6F27}
	EndGlobalSection
EndGlobal
